Microsoft Visual Studio Solution File, Format Version 12.00
# Visual Studio 16
Project("{8BC9CEB8-8B4A-11D0-8D11-00A0C91BC942}") = "ALL_BUILD", "ALL_BUILD.vcxproj", "{FC448C75-543A-387A-8240-5EAF73660939}"
	ProjectSection(ProjectDependencies) = postProject
		{E110E1E7-CEFD-3EAF-B161-48C27EF187A7} = {E110E1E7-CEFD-3EAF-B161-48C27EF187A7}
		{48DC8E00-CA44-3556-B08B-07F3E7864B58} = {48DC8E00-CA44-3556-B08B-07F3E7864B58}
		{D800D5A2-3C18-37C3-9652-FBADECAAB7C2} = {D800D5A2-3C18-37C3-9652-FBADECAAB7C2}
		{EBDC9FFC-93DC-353B-8920-9E9841F64B82} = {EBDC9FFC-93DC-353B-8920-9E9841F64B82}
		{699EF4EE-279E-3A27-B436-95BA7A201462} = {699EF4EE-279E-3A27-B436-95BA7A201462}
	EndProjectSection
EndProject
Project("{8BC9CEB8-8B4A-11D0-8D11-00A0C91BC942}") = "INSTALL", "INSTALL.vcxproj", "{FDBE25A0-DE65-327C-B6EC-F19A77B024B9}"
	ProjectSection(ProjectDependencies) = postProject
		{FC448C75-543A-387A-8240-5EAF73660939} = {FC448C75-543A-387A-8240-5EAF73660939}
		{E110E1E7-CEFD-3EAF-B161-48C27EF187A7} = {E110E1E7-CEFD-3EAF-B161-48C27EF187A7}
	EndProjectSection
EndProject
Project("{8BC9CEB8-8B4A-11D0-8D11-00A0C91BC942}") = "ZERO_CHECK", "ZERO_CHECK.vcxproj", "{E110E1E7-CEFD-3EAF-B161-48C27EF187A7}"
	ProjectSection(ProjectDependencies) = postProject
	EndProjectSection
EndProject
Project("{8BC9CEB8-8B4A-11D0-8D11-00A0C91BC942}") = "dark", "dark.vcxproj", "{48DC8E00-CA44-3556-B08B-07F3E7864B58}"
	ProjectSection(ProjectDependencies) = postProject
		{E110E1E7-CEFD-3EAF-B161-48C27EF187A7} = {E110E1E7-CEFD-3EAF-B161-48C27EF187A7}
	EndProjectSection
EndProject
Project("{8BC9CEB8-8B4A-11D0-8D11-00A0C91BC942}") = "darknet", "darknet.vcxproj", "{D800D5A2-3C18-37C3-9652-FBADECAAB7C2}"
	ProjectSection(ProjectDependencies) = postProject
		{E110E1E7-CEFD-3EAF-B161-48C27EF187A7} = {E110E1E7-CEFD-3EAF-B161-48C27EF187A7}
	EndProjectSection
EndProject
Project("{8BC9CEB8-8B4A-11D0-8D11-00A0C91BC942}") = "uselib", "uselib.vcxproj", "{EBDC9FFC-93DC-353B-8920-9E9841F64B82}"
	ProjectSection(ProjectDependencies) = postProject
		{E110E1E7-CEFD-3EAF-B161-48C27EF187A7} = {E110E1E7-CEFD-3EAF-B161-48C27EF187A7}
		{48DC8E00-CA44-3556-B08B-07F3E7864B58} = {48DC8E00-CA44-3556-B08B-07F3E7864B58}
	EndProjectSection
EndProject
Project("{8BC9CEB8-8B4A-11D0-8D11-00A0C91BC942}") = "uselib_track", "uselib_track.vcxproj", "{699EF4EE-279E-3A27-B436-95BA7A201462}"
	ProjectSection(ProjectDependencies) = postProject
		{E110E1E7-CEFD-3EAF-B161-48C27EF187A7} = {E110E1E7-CEFD-3EAF-B161-48C27EF187A7}
		{48DC8E00-CA44-3556-B08B-07F3E7864B58} = {48DC8E00-CA44-3556-B08B-07F3E7864B58}
	EndProjectSection
EndProject
Global
	GlobalSection(SolutionConfigurationPlatforms) = preSolution
		Debug|x64 = Debug|x64
		Release|x64 = Release|x64
		MinSizeRel|x64 = MinSizeRel|x64
		RelWithDebInfo|x64 = RelWithDebInfo|x64
	EndGlobalSection
	GlobalSection(ProjectConfigurationPlatforms) = postSolution
		{FC448C75-543A-387A-8240-5EAF73660939}.Debug|x64.ActiveCfg = Debug|x64
		{FC448C75-543A-387A-8240-5EAF73660939}.Debug|x64.Build.0 = Debug|x64
		{FC448C75-543A-387A-8240-5EAF73660939}.Release|x64.ActiveCfg = Release|x64
		{FC448C75-543A-387A-8240-5EAF73660939}.Release|x64.Build.0 = Release|x64
		{FC448C75-543A-387A-8240-5EAF73660939}.MinSizeRel|x64.ActiveCfg = MinSizeRel|x64
		{FC448C75-543A-387A-8240-5EAF73660939}.MinSizeRel|x64.Build.0 = MinSizeRel|x64
		{FC448C75-543A-387A-8240-5EAF73660939}.RelWithDebInfo|x64.ActiveCfg = RelWithDebInfo|x64
		{FC448C75-543A-387A-8240-5EAF73660939}.RelWithDebInfo|x64.Build.0 = RelWithDebInfo|x64
		{FDBE25A0-DE65-327C-B6EC-F19A77B024B9}.Debug|x64.ActiveCfg = Debug|x64
		{FDBE25A0-DE65-327C-B6EC-F19A77B024B9}.Release|x64.ActiveCfg = Release|x64
		{FDBE25A0-DE65-327C-B6EC-F19A77B024B9}.MinSizeRel|x64.ActiveCfg = MinSizeRel|x64
		{FDBE25A0-DE65-327C-B6EC-F19A77B024B9}.RelWithDebInfo|x64.ActiveCfg = RelWithDebInfo|x64
		{E110E1E7-CEFD-3EAF-B161-48C27EF187A7}.Debug|x64.ActiveCfg = Debug|x64
		{E110E1E7-CEFD-3EAF-B161-48C27EF187A7}.Debug|x64.Build.0 = Debug|x64
		{E110E1E7-CEFD-3EAF-B161-48C27EF187A7}.Release|x64.ActiveCfg = Release|x64
		{E110E1E7-CEFD-3EAF-B161-48C27EF187A7}.Release|x64.Build.0 = Release|x64
		{E110E1E7-CEFD-3EAF-B161-48C27EF187A7}.MinSizeRel|x64.ActiveCfg = MinSizeRel|x64
		{E110E1E7-CEFD-3EAF-B161-48C27EF187A7}.MinSizeRel|x64.Build.0 = MinSizeRel|x64
		{E110E1E7-CEFD-3EAF-B161-48C27EF187A7}.RelWithDebInfo|x64.ActiveCfg = RelWithDebInfo|x64
		{E110E1E7-CEFD-3EAF-B161-48C27EF187A7}.RelWithDebInfo|x64.Build.0 = RelWithDebInfo|x64
		{48DC8E00-CA44-3556-B08B-07F3E7864B58}.Debug|x64.ActiveCfg = Debug|x64
		{48DC8E00-CA44-3556-B08B-07F3E7864B58}.Debug|x64.Build.0 = Debug|x64
		{48DC8E00-CA44-3556-B08B-07F3E7864B58}.Release|x64.ActiveCfg = Release|x64
		{48DC8E00-CA44-3556-B08B-07F3E7864B58}.Release|x64.Build.0 = Release|x64
		{48DC8E00-CA44-3556-B08B-07F3E7864B58}.MinSizeRel|x64.ActiveCfg = MinSizeRel|x64
		{48DC8E00-CA44-3556-B08B-07F3E7864B58}.MinSizeRel|x64.Build.0 = MinSizeRel|x64
		{48DC8E00-CA44-3556-B08B-07F3E7864B58}.RelWithDebInfo|x64.ActiveCfg = RelWithDebInfo|x64
		{48DC8E00-CA44-3556-B08B-07F3E7864B58}.RelWithDebInfo|x64.Build.0 = RelWithDebInfo|x64
		{D800D5A2-3C18-37C3-9652-FBADECAAB7C2}.Debug|x64.ActiveCfg = Debug|x64
		{D800D5A2-3C18-37C3-9652-FBADECAAB7C2}.Debug|x64.Build.0 = Debug|x64
		{D800D5A2-3C18-37C3-9652-FBADECAAB7C2}.Release|x64.ActiveCfg = Release|x64
		{D800D5A2-3C18-37C3-9652-FBADECAAB7C2}.Release|x64.Build.0 = Release|x64
		{D800D5A2-3C18-37C3-9652-FBADECAAB7C2}.MinSizeRel|x64.ActiveCfg = MinSizeRel|x64
		{D800D5A2-3C18-37C3-9652-FBADECAAB7C2}.MinSizeRel|x64.Build.0 = MinSizeRel|x64
		{D800D5A2-3C18-37C3-9652-FBADECAAB7C2}.RelWithDebInfo|x64.ActiveCfg = RelWithDebInfo|x64
		{D800D5A2-3C18-37C3-9652-FBADECAAB7C2}.RelWithDebInfo|x64.Build.0 = RelWithDebInfo|x64
		{EBDC9FFC-93DC-353B-8920-9E9841F64B82}.Debug|x64.ActiveCfg = Debug|x64
		{EBDC9FFC-93DC-353B-8920-9E9841F64B82}.Debug|x64.Build.0 = Debug|x64
		{EBDC9FFC-93DC-353B-8920-9E9841F64B82}.Release|x64.ActiveCfg = Release|x64
		{EBDC9FFC-93DC-353B-8920-9E9841F64B82}.Release|x64.Build.0 = Release|x64
		{EBDC9FFC-93DC-353B-8920-9E9841F64B82}.MinSizeRel|x64.ActiveCfg = MinSizeRel|x64
		{EBDC9FFC-93DC-353B-8920-9E9841F64B82}.MinSizeRel|x64.Build.0 = MinSizeRel|x64
		{EBDC9FFC-93DC-353B-8920-9E9841F64B82}.RelWithDebInfo|x64.ActiveCfg = RelWithDebInfo|x64
		{EBDC9FFC-93DC-353B-8920-9E9841F64B82}.RelWithDebInfo|x64.Build.0 = RelWithDebInfo|x64
		{699EF4EE-279E-3A27-B436-95BA7A201462}.Debug|x64.ActiveCfg = Debug|x64
		{699EF4EE-279E-3A27-B436-95BA7A201462}.Debug|x64.Build.0 = Debug|x64
		{699EF4EE-279E-3A27-B436-95BA7A201462}.Release|x64.ActiveCfg = Release|x64
		{699EF4EE-279E-3A27-B436-95BA7A201462}.Release|x64.Build.0 = Release|x64
		{699EF4EE-279E-3A27-B436-95BA7A201462}.MinSizeRel|x64.ActiveCfg = MinSizeRel|x64
		{699EF4EE-279E-3A27-B436-95BA7A201462}.MinSizeRel|x64.Build.0 = MinSizeRel|x64
		{699EF4EE-279E-3A27-B436-95BA7A201462}.RelWithDebInfo|x64.ActiveCfg = RelWithDebInfo|x64
		{699EF4EE-279E-3A27-B436-95BA7A201462}.RelWithDebInfo|x64.Build.0 = RelWithDebInfo|x64
	EndGlobalSection
	GlobalSection(ExtensibilityGlobals) = postSolution
		SolutionGuid = {13530CE3-55B6-34AC-A8BA-D32B921C2CD3}
	EndGlobalSection
	GlobalSection(ExtensibilityAddIns) = postSolution
	EndGlobalSection
EndGlobal
